# Immutable Rulesy release consumed by RulesyOS.
RULESY_RELEASE_VERSION = 0.8.3
RULESY_RELEASE_ARCHIVE = rulesy_linux_x86_64.tar.gz
RULESY_RELEASE_URL = https://github.com/notwillk/rulesy/releases/download/v0.8.3/rulesy_linux_x86_64.tar.gz
RULESY_RELEASE_ARCHIVE_SHA256 = e1387de8478244c880d1478469a99c6b25d1af34ed5948466274a37f685c8fb5
RULESY_RELEASE_BINARY_SHA256 = 8ad81a0bbfde0d212c9efc1280a27c06bb00fb91cf7a24811729c931c0f50176
